
Microsoft Visual Studio Solution File, Format Version 12.00
Project("{FAE04EC0-301F-11D3-BF4B-00C04F79EFBC}") = "AuthRestApi", "AuthRestApi\AuthRestApi.csproj", "{50E4AB89-49A1-4A9B-8186-866E8C0522EF}"
EndProject
Project("{2150E333-8FDC-42A3-9474-1A3956D46DE8}") = "Root", "Root", "{3648B005-6E55-4F1C-86A3-BE3505829933}"
	ProjectSection(SolutionItems) = preProject
		README.md = README.md
		.gitignore = .gitignore
		.editorconfig = .editorconfig
		LICENSE = LICENSE
	EndProjectSection
EndProject
Project("{FAE04EC0-301F-11D3-BF4B-00C04F79EFBC}") = "AuthDomain", "AuthDomain\AuthDomain.csproj", "{44773E22-52D1-4987-9B20-8B4697AB48DC}"
EndProject
Project("{FAE04EC0-301F-11D3-BF4B-00C04F79EFBC}") = "AuthApplication", "AuthApplication\AuthApplication.csproj", "{D9739E25-8C1E-4925-B5A8-13244C0E8BE3}"
EndProject
Project("{FAE04EC0-301F-11D3-BF4B-00C04F79EFBC}") = "AuthService", "AuthService\AuthService.csproj", "{5E2493B9-6702-490D-815A-3FCD1FD90801}"
EndProject
Project("{FAE04EC0-301F-11D3-BF4B-00C04F79EFBC}") = "AuthPersistence", "AuthPersistence\AuthPersistence.csproj", "{BF501665-318F-4B34-A004-6BA95C0E2DFA}"
EndProject
Global
	GlobalSection(SolutionConfigurationPlatforms) = preSolution
		Debug|Any CPU = Debug|Any CPU
		Release|Any CPU = Release|Any CPU
	EndGlobalSection
	GlobalSection(ProjectConfigurationPlatforms) = postSolution
		{50E4AB89-49A1-4A9B-8186-866E8C0522EF}.Debug|Any CPU.ActiveCfg = Debug|Any CPU
		{50E4AB89-49A1-4A9B-8186-866E8C0522EF}.Debug|Any CPU.Build.0 = Debug|Any CPU
		{50E4AB89-49A1-4A9B-8186-866E8C0522EF}.Release|Any CPU.ActiveCfg = Release|Any CPU
		{50E4AB89-49A1-4A9B-8186-866E8C0522EF}.Release|Any CPU.Build.0 = Release|Any CPU
		{44773E22-52D1-4987-9B20-8B4697AB48DC}.Debug|Any CPU.ActiveCfg = Debug|Any CPU
		{44773E22-52D1-4987-9B20-8B4697AB48DC}.Debug|Any CPU.Build.0 = Debug|Any CPU
		{44773E22-52D1-4987-9B20-8B4697AB48DC}.Release|Any CPU.ActiveCfg = Release|Any CPU
		{44773E22-52D1-4987-9B20-8B4697AB48DC}.Release|Any CPU.Build.0 = Release|Any CPU
		{D9739E25-8C1E-4925-B5A8-13244C0E8BE3}.Debug|Any CPU.ActiveCfg = Debug|Any CPU
		{D9739E25-8C1E-4925-B5A8-13244C0E8BE3}.Debug|Any CPU.Build.0 = Debug|Any CPU
		{D9739E25-8C1E-4925-B5A8-13244C0E8BE3}.Release|Any CPU.ActiveCfg = Release|Any CPU
		{D9739E25-8C1E-4925-B5A8-13244C0E8BE3}.Release|Any CPU.Build.0 = Release|Any CPU
		{5E2493B9-6702-490D-815A-3FCD1FD90801}.Debug|Any CPU.ActiveCfg = Debug|Any CPU
		{5E2493B9-6702-490D-815A-3FCD1FD90801}.Debug|Any CPU.Build.0 = Debug|Any CPU
		{5E2493B9-6702-490D-815A-3FCD1FD90801}.Release|Any CPU.ActiveCfg = Release|Any CPU
		{5E2493B9-6702-490D-815A-3FCD1FD90801}.Release|Any CPU.Build.0 = Release|Any CPU
		{BF501665-318F-4B34-A004-6BA95C0E2DFA}.Debug|Any CPU.ActiveCfg = Debug|Any CPU
		{BF501665-318F-4B34-A004-6BA95C0E2DFA}.Debug|Any CPU.Build.0 = Debug|Any CPU
		{BF501665-318F-4B34-A004-6BA95C0E2DFA}.Release|Any CPU.ActiveCfg = Release|Any CPU
		{BF501665-318F-4B34-A004-6BA95C0E2DFA}.Release|Any CPU.Build.0 = Release|Any CPU
	EndGlobalSection
EndGlobal
